
Microsoft Visual Studio Solution File, Format Version 12.00
# Visual Studio Version 17
VisualStudioVersion = 17.10.35122.118
MinimumVisualStudioVersion = 10.0.40219.1
Project("{2150E333-8FDC-42A3-9474-1A3956D46DE8}") = "Services", "Services", "{DAB94CC7-542D-48C4-A2D5-50CA488794CD}"
EndProject
Project("{2150E333-8FDC-42A3-9474-1A3956D46DE8}") = "Catalog", "Catalog", "{93F18E2E-5BFE-4348-88B3-BEC4DD8A27FF}"
EndProject
Project("{9A19103F-16F7-4668-BE54-9A1E7A4F7556}") = "MultiShop.Catalog", "Services\Catalog\MultiShop.Catalog\MultiShop.Catalog.csproj", "{AA67B95A-EA8B-452E-B29D-0ABFAC36DDE4}"
EndProject
Project("{2150E333-8FDC-42A3-9474-1A3956D46DE8}") = "Discount", "Discount", "{CEB993B8-BFB2-4AE5-A5AF-BABC44019EFE}"
EndProject
Project("{9A19103F-16F7-4668-BE54-9A1E7A4F7556}") = "MultiShop.Discount", "Services\Discount\MultiShop.Discount\MultiShop.Discount.csproj", "{CD950A5B-9F57-487B-ACBC-81DFA6693442}"
EndProject
Project("{2150E333-8FDC-42A3-9474-1A3956D46DE8}") = "Order", "Order", "{D755164B-9D00-41E9-B6F3-330740575494}"
EndProject
Project("{2150E333-8FDC-42A3-9474-1A3956D46DE8}") = "Core", "Core", "{FC5E336C-18FD-4922-9AE3-686F6ADF5D09}"
EndProject
Project("{2150E333-8FDC-42A3-9474-1A3956D46DE8}") = "Infrastructure", "Infrastructure", "{5F75BD33-2102-49C4-ABF8-7DB171B7795A}"
EndProject
Project("{2150E333-8FDC-42A3-9474-1A3956D46DE8}") = "Presentation", "Presentation", "{932F0D86-52C5-4887-8549-759DFEB9AF6B}"
EndProject
Project("{FAE04EC0-301F-11D3-BF4B-00C04F79EFBC}") = "MultiShop.Order.Domain", "Services\Order\Core\MultiShop.Order.Domain\MultiShop.Order.Domain.csproj", "{6897F7B3-462C-4D48-880F-312C51D9AD82}"
EndProject
Project("{FAE04EC0-301F-11D3-BF4B-00C04F79EFBC}") = "MultiShop.Order.Application", "Services\Order\Core\MultiShop.Order.Application\MultiShop.Order.Application.csproj", "{750457AD-0FF8-4F74-8281-9B4388597E5D}"
EndProject
Project("{FAE04EC0-301F-11D3-BF4B-00C04F79EFBC}") = "MultiShop.Order.Persistence", "Services\Order\Infrastructure\MultiShop.Order.Persistence\MultiShop.Order.Persistence.csproj", "{55A4D46B-77EC-4970-A012-20A0FEA6605F}"
EndProject
Project("{FAE04EC0-301F-11D3-BF4B-00C04F79EFBC}") = "MultiShop.Order.WebApi", "Services\Order\Presentation\MultiShop.Order.WebApi\MultiShop.Order.WebApi.csproj", "{2EE61DD2-F25E-4B82-93E9-AA0E8BD15E6F}"
EndProject
Global
	GlobalSection(SolutionConfigurationPlatforms) = preSolution
		Debug|Any CPU = Debug|Any CPU
		Release|Any CPU = Release|Any CPU
	EndGlobalSection
	GlobalSection(ProjectConfigurationPlatforms) = postSolution
		{AA67B95A-EA8B-452E-B29D-0ABFAC36DDE4}.Debug|Any CPU.ActiveCfg = Debug|Any CPU
		{AA67B95A-EA8B-452E-B29D-0ABFAC36DDE4}.Debug|Any CPU.Build.0 = Debug|Any CPU
		{AA67B95A-EA8B-452E-B29D-0ABFAC36DDE4}.Release|Any CPU.ActiveCfg = Release|Any CPU
		{AA67B95A-EA8B-452E-B29D-0ABFAC36DDE4}.Release|Any CPU.Build.0 = Release|Any CPU
		{CD950A5B-9F57-487B-ACBC-81DFA6693442}.Debug|Any CPU.ActiveCfg = Debug|Any CPU
		{CD950A5B-9F57-487B-ACBC-81DFA6693442}.Debug|Any CPU.Build.0 = Debug|Any CPU
		{CD950A5B-9F57-487B-ACBC-81DFA6693442}.Release|Any CPU.ActiveCfg = Release|Any CPU
		{CD950A5B-9F57-487B-ACBC-81DFA6693442}.Release|Any CPU.Build.0 = Release|Any CPU
		{6897F7B3-462C-4D48-880F-312C51D9AD82}.Debug|Any CPU.ActiveCfg = Debug|Any CPU
		{6897F7B3-462C-4D48-880F-312C51D9AD82}.Debug|Any CPU.Build.0 = Debug|Any CPU
		{6897F7B3-462C-4D48-880F-312C51D9AD82}.Release|Any CPU.ActiveCfg = Release|Any CPU
		{6897F7B3-462C-4D48-880F-312C51D9AD82}.Release|Any CPU.Build.0 = Release|Any CPU
		{750457AD-0FF8-4F74-8281-9B4388597E5D}.Debug|Any CPU.ActiveCfg = Debug|Any CPU
		{750457AD-0FF8-4F74-8281-9B4388597E5D}.Debug|Any CPU.Build.0 = Debug|Any CPU
		{750457AD-0FF8-4F74-8281-9B4388597E5D}.Release|Any CPU.ActiveCfg = Release|Any CPU
		{750457AD-0FF8-4F74-8281-9B4388597E5D}.Release|Any CPU.Build.0 = Release|Any CPU
		{55A4D46B-77EC-4970-A012-20A0FEA6605F}.Debug|Any CPU.ActiveCfg = Debug|Any CPU
		{55A4D46B-77EC-4970-A012-20A0FEA6605F}.Debug|Any CPU.Build.0 = Debug|Any CPU
		{55A4D46B-77EC-4970-A012-20A0FEA6605F}.Release|Any CPU.ActiveCfg = Release|Any CPU
		{55A4D46B-77EC-4970-A012-20A0FEA6605F}.Release|Any CPU.Build.0 = Release|Any CPU
		{2EE61DD2-F25E-4B82-93E9-AA0E8BD15E6F}.Debug|Any CPU.ActiveCfg = Debug|Any CPU
		{2EE61DD2-F25E-4B82-93E9-AA0E8BD15E6F}.Debug|Any CPU.Build.0 = Debug|Any CPU
		{2EE61DD2-F25E-4B82-93E9-AA0E8BD15E6F}.Release|Any CPU.ActiveCfg = Release|Any CPU
		{2EE61DD2-F25E-4B82-93E9-AA0E8BD15E6F}.Release|Any CPU.Build.0 = Release|Any CPU
	EndGlobalSection
	GlobalSection(SolutionProperties) = preSolution
		HideSolutionNode = FALSE
	EndGlobalSection
	GlobalSection(NestedProjects) = preSolution
		{93F18E2E-5BFE-4348-88B3-BEC4DD8A27FF} = {DAB94CC7-542D-48C4-A2D5-50CA488794CD}
		{AA67B95A-EA8B-452E-B29D-0ABFAC36DDE4} = {93F18E2E-5BFE-4348-88B3-BEC4DD8A27FF}
		{CEB993B8-BFB2-4AE5-A5AF-BABC44019EFE} = {DAB94CC7-542D-48C4-A2D5-50CA488794CD}
		{CD950A5B-9F57-487B-ACBC-81DFA6693442} = {CEB993B8-BFB2-4AE5-A5AF-BABC44019EFE}
		{D755164B-9D00-41E9-B6F3-330740575494} = {DAB94CC7-542D-48C4-A2D5-50CA488794CD}
		{FC5E336C-18FD-4922-9AE3-686F6ADF5D09} = {D755164B-9D00-41E9-B6F3-330740575494}
		{5F75BD33-2102-49C4-ABF8-7DB171B7795A} = {D755164B-9D00-41E9-B6F3-330740575494}
		{932F0D86-52C5-4887-8549-759DFEB9AF6B} = {D755164B-9D00-41E9-B6F3-330740575494}
		{6897F7B3-462C-4D48-880F-312C51D9AD82} = {FC5E336C-18FD-4922-9AE3-686F6ADF5D09}
		{750457AD-0FF8-4F74-8281-9B4388597E5D} = {FC5E336C-18FD-4922-9AE3-686F6ADF5D09}
		{55A4D46B-77EC-4970-A012-20A0FEA6605F} = {5F75BD33-2102-49C4-ABF8-7DB171B7795A}
		{2EE61DD2-F25E-4B82-93E9-AA0E8BD15E6F} = {932F0D86-52C5-4887-8549-759DFEB9AF6B}
	EndGlobalSection
	GlobalSection(ExtensibilityGlobals) = postSolution
		SolutionGuid = {7E08BB86-3B40-4A93-B575-36A51046B0DA}
	EndGlobalSection
EndGlobal
