
Microsoft Visual Studio Solution File, Format Version 12.00
# Visual Studio Version 17
VisualStudioVersion = 17.10.35122.118
MinimumVisualStudioVersion = 10.0.40219.1
Project("{2150E333-8FDC-42A3-9474-1A3956D46DE8}") = "Services", "Services", "{DAB94CC7-542D-48C4-A2D5-50CA488794CD}"
EndProject
Project("{2150E333-8FDC-42A3-9474-1A3956D46DE8}") = "Catalog", "Catalog", "{93F18E2E-5BFE-4348-88B3-BEC4DD8A27FF}"
EndProject
Project("{9A19103F-16F7-4668-BE54-9A1E7A4F7556}") = "MultiShop.Catalog", "Services\Catalog\MultiShop.Catalog\MultiShop.Catalog.csproj", "{AA67B95A-EA8B-452E-B29D-0ABFAC36DDE4}"
EndProject
Project("{2150E333-8FDC-42A3-9474-1A3956D46DE8}") = "Discount", "Discount", "{CEB993B8-BFB2-4AE5-A5AF-BABC44019EFE}"
EndProject
Project("{9A19103F-16F7-4668-BE54-9A1E7A4F7556}") = "MultiShop.Discount", "Services\Discount\MultiShop.Discount\MultiShop.Discount.csproj", "{CD950A5B-9F57-487B-ACBC-81DFA6693442}"
EndProject
Project("{2150E333-8FDC-42A3-9474-1A3956D46DE8}") = "Order", "Order", "{D755164B-9D00-41E9-B6F3-330740575494}"
EndProject
Project("{2150E333-8FDC-42A3-9474-1A3956D46DE8}") = "Core", "Core", "{FC5E336C-18FD-4922-9AE3-686F6ADF5D09}"
EndProject
Project("{2150E333-8FDC-42A3-9474-1A3956D46DE8}") = "Infrastructure", "Infrastructure", "{5F75BD33-2102-49C4-ABF8-7DB171B7795A}"
EndProject
Project("{2150E333-8FDC-42A3-9474-1A3956D46DE8}") = "Presentation", "Presentation", "{932F0D86-52C5-4887-8549-759DFEB9AF6B}"
EndProject
Project("{9A19103F-16F7-4668-BE54-9A1E7A4F7556}") = "MultiShop.Order.Domain", "Services\Order\Core\MultiShop.Order.Domain\MultiShop.Order.Domain.csproj", "{6897F7B3-462C-4D48-880F-312C51D9AD82}"
EndProject
Project("{9A19103F-16F7-4668-BE54-9A1E7A4F7556}") = "MultiShop.Order.Application", "Services\Order\Core\MultiShop.Order.Application\MultiShop.Order.Application.csproj", "{750457AD-0FF8-4F74-8281-9B4388597E5D}"
EndProject
Project("{9A19103F-16F7-4668-BE54-9A1E7A4F7556}") = "MultiShop.Order.Persistence", "Services\Order\Infrastructure\MultiShop.Order.Persistence\MultiShop.Order.Persistence.csproj", "{55A4D46B-77EC-4970-A012-20A0FEA6605F}"
EndProject
Project("{9A19103F-16F7-4668-BE54-9A1E7A4F7556}") = "MultiShop.Order.WebApi", "Services\Order\Presentation\MultiShop.Order.WebApi\MultiShop.Order.WebApi.csproj", "{2EE61DD2-F25E-4B82-93E9-AA0E8BD15E6F}"
EndProject
Project("{2150E333-8FDC-42A3-9474-1A3956D46DE8}") = "IdentityServer", "IdentityServer", "{BB2E3720-BB62-498C-95CB-8AC1A9FF910E}"
EndProject
Project("{9A19103F-16F7-4668-BE54-9A1E7A4F7556}") = "MultiShop.IdentityServer", "IdentityServer\MultiShop.IdentityServer\MultiShop.IdentityServer.csproj", "{D47FA812-C598-4A37-8B4D-33842023BFFD}"
EndProject
Project("{2150E333-8FDC-42A3-9474-1A3956D46DE8}") = "Requirements", "Requirements", "{081895DA-CAC2-4BD6-AB1B-F7B626A53D64}"
	ProjectSection(SolutionItems) = preProject
		FontAwesomeLink.txt = FontAwesomeLink.txt
		PortainerCmd.txt = PortainerCmd.txt
		PortNumbers.txt = PortNumbers.txt
	EndProjectSection
EndProject
Project("{2150E333-8FDC-42A3-9474-1A3956D46DE8}") = "Cargo", "Cargo", "{2C6FE2FD-4CA5-4463-AF83-12D25FFD9217}"
EndProject
Project("{9A19103F-16F7-4668-BE54-9A1E7A4F7556}") = "MultiShop.Cargo.EntityLayer", "Services\Cargo\MultiShop.Cargo.EntityLayer\MultiShop.Cargo.EntityLayer.csproj", "{98BC8360-C34D-47AA-907D-6C96AC796D9E}"
EndProject
Project("{9A19103F-16F7-4668-BE54-9A1E7A4F7556}") = "MultiShop.Cargo.BusinessLayer", "Services\Cargo\MultiShop.Cargo.BusinessLayer\MultiShop.Cargo.BusinessLayer.csproj", "{D0676504-7682-46DD-9E29-136F8783F0E6}"
EndProject
Project("{9A19103F-16F7-4668-BE54-9A1E7A4F7556}") = "MultiShop.Cargo.DataAccessLayer", "Services\Cargo\MultiShop.Cargo.DataAccessLayer\MultiShop.Cargo.DataAccessLayer.csproj", "{029BA9B1-3DAC-47D9-8659-0E679ED412FA}"
EndProject
Project("{9A19103F-16F7-4668-BE54-9A1E7A4F7556}") = "MultiShop.Cargo.DtoLayer", "Services\Cargo\MultiShop.Cargo.DtoLayer\MultiShop.Cargo.DtoLayer.csproj", "{016721AD-05F8-4D0A-B077-3FBF048BA07C}"
EndProject
Project("{9A19103F-16F7-4668-BE54-9A1E7A4F7556}") = "MultiShop.Cargo.WebApi", "Services\Cargo\MultiShop.Cargo.WebApi\MultiShop.Cargo.WebApi.csproj", "{F27B4508-6654-4609-ADFA-5ACF8CD044AE}"
EndProject
Project("{2150E333-8FDC-42A3-9474-1A3956D46DE8}") = "Basket", "Basket", "{63F3BC22-698E-4B3D-8946-A69F3B904C5E}"
EndProject
Project("{9A19103F-16F7-4668-BE54-9A1E7A4F7556}") = "MultiShop.Basket", "Services\Basket\MultiShop.Basket\MultiShop.Basket.csproj", "{EE6CB593-74D6-402B-82CA-84BA9A23A4A6}"
EndProject
Project("{2150E333-8FDC-42A3-9474-1A3956D46DE8}") = "Frontends", "Frontends", "{37B451B0-287C-49E2-8F1D-276CD045FB35}"
EndProject
Project("{9A19103F-16F7-4668-BE54-9A1E7A4F7556}") = "MultiShop.WebUI", "Frontends\MultiShop.WebUI\MultiShop.WebUI.csproj", "{06E6F883-EA87-4B03-9B36-CA7F8C908DD9}"
EndProject
Project("{9A19103F-16F7-4668-BE54-9A1E7A4F7556}") = "MultiShop.DtoLayer", "Frontends\MultiShop.DtoLayer\MultiShop.DtoLayer.csproj", "{4BD1F673-A28C-4EE9-BC0A-AE7617D5817E}"
EndProject
Global
	GlobalSection(SolutionConfigurationPlatforms) = preSolution
		Debug|Any CPU = Debug|Any CPU
		Release|Any CPU = Release|Any CPU
	EndGlobalSection
	GlobalSection(ProjectConfigurationPlatforms) = postSolution
		{AA67B95A-EA8B-452E-B29D-0ABFAC36DDE4}.Debug|Any CPU.ActiveCfg = Debug|Any CPU
		{AA67B95A-EA8B-452E-B29D-0ABFAC36DDE4}.Debug|Any CPU.Build.0 = Debug|Any CPU
		{AA67B95A-EA8B-452E-B29D-0ABFAC36DDE4}.Release|Any CPU.ActiveCfg = Release|Any CPU
		{AA67B95A-EA8B-452E-B29D-0ABFAC36DDE4}.Release|Any CPU.Build.0 = Release|Any CPU
		{CD950A5B-9F57-487B-ACBC-81DFA6693442}.Debug|Any CPU.ActiveCfg = Debug|Any CPU
		{CD950A5B-9F57-487B-ACBC-81DFA6693442}.Debug|Any CPU.Build.0 = Debug|Any CPU
		{CD950A5B-9F57-487B-ACBC-81DFA6693442}.Release|Any CPU.ActiveCfg = Release|Any CPU
		{CD950A5B-9F57-487B-ACBC-81DFA6693442}.Release|Any CPU.Build.0 = Release|Any CPU
		{6897F7B3-462C-4D48-880F-312C51D9AD82}.Debug|Any CPU.ActiveCfg = Debug|Any CPU
		{6897F7B3-462C-4D48-880F-312C51D9AD82}.Debug|Any CPU.Build.0 = Debug|Any CPU
		{6897F7B3-462C-4D48-880F-312C51D9AD82}.Release|Any CPU.ActiveCfg = Release|Any CPU
		{6897F7B3-462C-4D48-880F-312C51D9AD82}.Release|Any CPU.Build.0 = Release|Any CPU
		{750457AD-0FF8-4F74-8281-9B4388597E5D}.Debug|Any CPU.ActiveCfg = Debug|Any CPU
		{750457AD-0FF8-4F74-8281-9B4388597E5D}.Debug|Any CPU.Build.0 = Debug|Any CPU
		{750457AD-0FF8-4F74-8281-9B4388597E5D}.Release|Any CPU.ActiveCfg = Release|Any CPU
		{750457AD-0FF8-4F74-8281-9B4388597E5D}.Release|Any CPU.Build.0 = Release|Any CPU
		{55A4D46B-77EC-4970-A012-20A0FEA6605F}.Debug|Any CPU.ActiveCfg = Debug|Any CPU
		{55A4D46B-77EC-4970-A012-20A0FEA6605F}.Debug|Any CPU.Build.0 = Debug|Any CPU
		{55A4D46B-77EC-4970-A012-20A0FEA6605F}.Release|Any CPU.ActiveCfg = Release|Any CPU
		{55A4D46B-77EC-4970-A012-20A0FEA6605F}.Release|Any CPU.Build.0 = Release|Any CPU
		{2EE61DD2-F25E-4B82-93E9-AA0E8BD15E6F}.Debug|Any CPU.ActiveCfg = Debug|Any CPU
		{2EE61DD2-F25E-4B82-93E9-AA0E8BD15E6F}.Debug|Any CPU.Build.0 = Debug|Any CPU
		{2EE61DD2-F25E-4B82-93E9-AA0E8BD15E6F}.Release|Any CPU.ActiveCfg = Release|Any CPU
		{2EE61DD2-F25E-4B82-93E9-AA0E8BD15E6F}.Release|Any CPU.Build.0 = Release|Any CPU
		{D47FA812-C598-4A37-8B4D-33842023BFFD}.Debug|Any CPU.ActiveCfg = Debug|Any CPU
		{D47FA812-C598-4A37-8B4D-33842023BFFD}.Debug|Any CPU.Build.0 = Debug|Any CPU
		{D47FA812-C598-4A37-8B4D-33842023BFFD}.Release|Any CPU.ActiveCfg = Release|Any CPU
		{D47FA812-C598-4A37-8B4D-33842023BFFD}.Release|Any CPU.Build.0 = Release|Any CPU
		{98BC8360-C34D-47AA-907D-6C96AC796D9E}.Debug|Any CPU.ActiveCfg = Debug|Any CPU
		{98BC8360-C34D-47AA-907D-6C96AC796D9E}.Debug|Any CPU.Build.0 = Debug|Any CPU
		{98BC8360-C34D-47AA-907D-6C96AC796D9E}.Release|Any CPU.ActiveCfg = Release|Any CPU
		{98BC8360-C34D-47AA-907D-6C96AC796D9E}.Release|Any CPU.Build.0 = Release|Any CPU
		{D0676504-7682-46DD-9E29-136F8783F0E6}.Debug|Any CPU.ActiveCfg = Debug|Any CPU
		{D0676504-7682-46DD-9E29-136F8783F0E6}.Debug|Any CPU.Build.0 = Debug|Any CPU
		{D0676504-7682-46DD-9E29-136F8783F0E6}.Release|Any CPU.ActiveCfg = Release|Any CPU
		{D0676504-7682-46DD-9E29-136F8783F0E6}.Release|Any CPU.Build.0 = Release|Any CPU
		{029BA9B1-3DAC-47D9-8659-0E679ED412FA}.Debug|Any CPU.ActiveCfg = Debug|Any CPU
		{029BA9B1-3DAC-47D9-8659-0E679ED412FA}.Debug|Any CPU.Build.0 = Debug|Any CPU
		{029BA9B1-3DAC-47D9-8659-0E679ED412FA}.Release|Any CPU.ActiveCfg = Release|Any CPU
		{029BA9B1-3DAC-47D9-8659-0E679ED412FA}.Release|Any CPU.Build.0 = Release|Any CPU
		{016721AD-05F8-4D0A-B077-3FBF048BA07C}.Debug|Any CPU.ActiveCfg = Debug|Any CPU
		{016721AD-05F8-4D0A-B077-3FBF048BA07C}.Debug|Any CPU.Build.0 = Debug|Any CPU
		{016721AD-05F8-4D0A-B077-3FBF048BA07C}.Release|Any CPU.ActiveCfg = Release|Any CPU
		{016721AD-05F8-4D0A-B077-3FBF048BA07C}.Release|Any CPU.Build.0 = Release|Any CPU
		{F27B4508-6654-4609-ADFA-5ACF8CD044AE}.Debug|Any CPU.ActiveCfg = Debug|Any CPU
		{F27B4508-6654-4609-ADFA-5ACF8CD044AE}.Debug|Any CPU.Build.0 = Debug|Any CPU
		{F27B4508-6654-4609-ADFA-5ACF8CD044AE}.Release|Any CPU.ActiveCfg = Release|Any CPU
		{F27B4508-6654-4609-ADFA-5ACF8CD044AE}.Release|Any CPU.Build.0 = Release|Any CPU
		{EE6CB593-74D6-402B-82CA-84BA9A23A4A6}.Debug|Any CPU.ActiveCfg = Debug|Any CPU
		{EE6CB593-74D6-402B-82CA-84BA9A23A4A6}.Debug|Any CPU.Build.0 = Debug|Any CPU
		{EE6CB593-74D6-402B-82CA-84BA9A23A4A6}.Release|Any CPU.ActiveCfg = Release|Any CPU
		{EE6CB593-74D6-402B-82CA-84BA9A23A4A6}.Release|Any CPU.Build.0 = Release|Any CPU
		{06E6F883-EA87-4B03-9B36-CA7F8C908DD9}.Debug|Any CPU.ActiveCfg = Debug|Any CPU
		{06E6F883-EA87-4B03-9B36-CA7F8C908DD9}.Debug|Any CPU.Build.0 = Debug|Any CPU
		{06E6F883-EA87-4B03-9B36-CA7F8C908DD9}.Release|Any CPU.ActiveCfg = Release|Any CPU
		{06E6F883-EA87-4B03-9B36-CA7F8C908DD9}.Release|Any CPU.Build.0 = Release|Any CPU
		{4BD1F673-A28C-4EE9-BC0A-AE7617D5817E}.Debug|Any CPU.ActiveCfg = Debug|Any CPU
		{4BD1F673-A28C-4EE9-BC0A-AE7617D5817E}.Debug|Any CPU.Build.0 = Debug|Any CPU
		{4BD1F673-A28C-4EE9-BC0A-AE7617D5817E}.Release|Any CPU.ActiveCfg = Release|Any CPU
		{4BD1F673-A28C-4EE9-BC0A-AE7617D5817E}.Release|Any CPU.Build.0 = Release|Any CPU
	EndGlobalSection
	GlobalSection(SolutionProperties) = preSolution
		HideSolutionNode = FALSE
	EndGlobalSection
	GlobalSection(NestedProjects) = preSolution
		{93F18E2E-5BFE-4348-88B3-BEC4DD8A27FF} = {DAB94CC7-542D-48C4-A2D5-50CA488794CD}
		{AA67B95A-EA8B-452E-B29D-0ABFAC36DDE4} = {93F18E2E-5BFE-4348-88B3-BEC4DD8A27FF}
		{CEB993B8-BFB2-4AE5-A5AF-BABC44019EFE} = {DAB94CC7-542D-48C4-A2D5-50CA488794CD}
		{CD950A5B-9F57-487B-ACBC-81DFA6693442} = {CEB993B8-BFB2-4AE5-A5AF-BABC44019EFE}
		{D755164B-9D00-41E9-B6F3-330740575494} = {DAB94CC7-542D-48C4-A2D5-50CA488794CD}
		{FC5E336C-18FD-4922-9AE3-686F6ADF5D09} = {D755164B-9D00-41E9-B6F3-330740575494}
		{5F75BD33-2102-49C4-ABF8-7DB171B7795A} = {D755164B-9D00-41E9-B6F3-330740575494}
		{932F0D86-52C5-4887-8549-759DFEB9AF6B} = {D755164B-9D00-41E9-B6F3-330740575494}
		{6897F7B3-462C-4D48-880F-312C51D9AD82} = {FC5E336C-18FD-4922-9AE3-686F6ADF5D09}
		{750457AD-0FF8-4F74-8281-9B4388597E5D} = {FC5E336C-18FD-4922-9AE3-686F6ADF5D09}
		{55A4D46B-77EC-4970-A012-20A0FEA6605F} = {5F75BD33-2102-49C4-ABF8-7DB171B7795A}
		{2EE61DD2-F25E-4B82-93E9-AA0E8BD15E6F} = {932F0D86-52C5-4887-8549-759DFEB9AF6B}
		{D47FA812-C598-4A37-8B4D-33842023BFFD} = {BB2E3720-BB62-498C-95CB-8AC1A9FF910E}
		{2C6FE2FD-4CA5-4463-AF83-12D25FFD9217} = {DAB94CC7-542D-48C4-A2D5-50CA488794CD}
		{98BC8360-C34D-47AA-907D-6C96AC796D9E} = {2C6FE2FD-4CA5-4463-AF83-12D25FFD9217}
		{D0676504-7682-46DD-9E29-136F8783F0E6} = {2C6FE2FD-4CA5-4463-AF83-12D25FFD9217}
		{029BA9B1-3DAC-47D9-8659-0E679ED412FA} = {2C6FE2FD-4CA5-4463-AF83-12D25FFD9217}
		{016721AD-05F8-4D0A-B077-3FBF048BA07C} = {2C6FE2FD-4CA5-4463-AF83-12D25FFD9217}
		{F27B4508-6654-4609-ADFA-5ACF8CD044AE} = {2C6FE2FD-4CA5-4463-AF83-12D25FFD9217}
		{63F3BC22-698E-4B3D-8946-A69F3B904C5E} = {DAB94CC7-542D-48C4-A2D5-50CA488794CD}
		{EE6CB593-74D6-402B-82CA-84BA9A23A4A6} = {63F3BC22-698E-4B3D-8946-A69F3B904C5E}
		{06E6F883-EA87-4B03-9B36-CA7F8C908DD9} = {37B451B0-287C-49E2-8F1D-276CD045FB35}
		{4BD1F673-A28C-4EE9-BC0A-AE7617D5817E} = {37B451B0-287C-49E2-8F1D-276CD045FB35}
	EndGlobalSection
	GlobalSection(ExtensibilityGlobals) = postSolution
		SolutionGuid = {7E08BB86-3B40-4A93-B575-36A51046B0DA}
	EndGlobalSection
EndGlobal
